
Microsoft Visual Studio Solution File, Format Version 12.00
# Visual Studio Version 16
VisualStudioVersion = 16.0.31911.196
MinimumVisualStudioVersion = 10.0.40219.1
Project("{FAE04EC0-301F-11D3-BF4B-00C04F79EFBC}") = "Module3HW6", "Module3HW6\Module3HW6.csproj", "{52F5F4E1-2D3C-4CA5-9794-B7C1551D3102}"
EndProject
Global
	GlobalSection(SolutionConfigurationPlatforms) = preSolution
		Debug|Any CPU = Debug|Any CPU
		Release|Any CPU = Release|Any CPU
	EndGlobalSection
	GlobalSection(ProjectConfigurationPlatforms) = postSolution
		{52F5F4E1-2D3C-4CA5-9794-B7C1551D3102}.Debug|Any CPU.ActiveCfg = Debug|Any CPU
		{52F5F4E1-2D3C-4CA5-9794-B7C1551D3102}.Debug|Any CPU.Build.0 = Debug|Any CPU
		{52F5F4E1-2D3C-4CA5-9794-B7C1551D3102}.Release|Any CPU.ActiveCfg = Release|Any CPU
		{52F5F4E1-2D3C-4CA5-9794-B7C1551D3102}.Release|Any CPU.Build.0 = Release|Any CPU
	EndGlobalSection
	GlobalSection(SolutionProperties) = preSolution
		HideSolutionNode = FALSE
	EndGlobalSection
	GlobalSection(ExtensibilityGlobals) = postSolution
		SolutionGuid = {118AE137-F9D0-45C9-9A3C-1813B60CD827}
	EndGlobalSection
EndGlobal
